
Microsoft Visual Studio Solution File, Format Version 12.00
# Visual Studio Version 17
VisualStudioVersion = 17.11.35312.102
MinimumVisualStudioVersion = 10.0.40219.1
Project("{FAE04EC0-301F-11D3-BF4B-00C04F79EFBC}") = "Streem.Android", "Streem\Streem.Android\Streem.Android.csproj", "{EDBB1260-7C4F-4466-A8EC-85AE8E7D0E5A}"
EndProject
Project("{FAE04EC0-301F-11D3-BF4B-00C04F79EFBC}") = "Streem.iOS", "Streem\Streem.iOS\Streem.iOS.csproj", "{FBFD10FA-BD53-4E2F-8F7E-24368BE6F9CD}"
EndProject
Project("{FAE04EC0-301F-11D3-BF4B-00C04F79EFBC}") = "Streem", "Streem\Streem\Streem.csproj", "{C4C15A2C-44A4-4EAC-8C51-B457AA8DEDEC}"
EndProject
Global
	GlobalSection(SolutionConfigurationPlatforms) = preSolution
		Debug|Any CPU = Debug|Any CPU
		Debug|iPhone = Debug|iPhone
		Debug|iPhoneSimulator = Debug|iPhoneSimulator
		Release|Any CPU = Release|Any CPU
		Release|iPhone = Release|iPhone
		Release|iPhoneSimulator = Release|iPhoneSimulator
	EndGlobalSection
	GlobalSection(ProjectConfigurationPlatforms) = postSolution
		{EDBB1260-7C4F-4466-A8EC-85AE8E7D0E5A}.Debug|Any CPU.ActiveCfg = Debug|Any CPU
		{EDBB1260-7C4F-4466-A8EC-85AE8E7D0E5A}.Debug|Any CPU.Build.0 = Debug|Any CPU
		{EDBB1260-7C4F-4466-A8EC-85AE8E7D0E5A}.Debug|Any CPU.Deploy.0 = Debug|Any CPU
		{EDBB1260-7C4F-4466-A8EC-85AE8E7D0E5A}.Debug|iPhone.ActiveCfg = Debug|Any CPU
		{EDBB1260-7C4F-4466-A8EC-85AE8E7D0E5A}.Debug|iPhone.Build.0 = Debug|Any CPU
		{EDBB1260-7C4F-4466-A8EC-85AE8E7D0E5A}.Debug|iPhone.Deploy.0 = Debug|Any CPU
		{EDBB1260-7C4F-4466-A8EC-85AE8E7D0E5A}.Debug|iPhoneSimulator.ActiveCfg = Debug|Any CPU
		{EDBB1260-7C4F-4466-A8EC-85AE8E7D0E5A}.Debug|iPhoneSimulator.Build.0 = Debug|Any CPU
		{EDBB1260-7C4F-4466-A8EC-85AE8E7D0E5A}.Debug|iPhoneSimulator.Deploy.0 = Debug|Any CPU
		{EDBB1260-7C4F-4466-A8EC-85AE8E7D0E5A}.Release|Any CPU.ActiveCfg = Release|Any CPU
		{EDBB1260-7C4F-4466-A8EC-85AE8E7D0E5A}.Release|Any CPU.Build.0 = Release|Any CPU
		{EDBB1260-7C4F-4466-A8EC-85AE8E7D0E5A}.Release|Any CPU.Deploy.0 = Release|Any CPU
		{EDBB1260-7C4F-4466-A8EC-85AE8E7D0E5A}.Release|iPhone.ActiveCfg = Release|Any CPU
		{EDBB1260-7C4F-4466-A8EC-85AE8E7D0E5A}.Release|iPhone.Build.0 = Release|Any CPU
		{EDBB1260-7C4F-4466-A8EC-85AE8E7D0E5A}.Release|iPhone.Deploy.0 = Release|Any CPU
		{EDBB1260-7C4F-4466-A8EC-85AE8E7D0E5A}.Release|iPhoneSimulator.ActiveCfg = Release|Any CPU
		{EDBB1260-7C4F-4466-A8EC-85AE8E7D0E5A}.Release|iPhoneSimulator.Build.0 = Release|Any CPU
		{EDBB1260-7C4F-4466-A8EC-85AE8E7D0E5A}.Release|iPhoneSimulator.Deploy.0 = Release|Any CPU
		{FBFD10FA-BD53-4E2F-8F7E-24368BE6F9CD}.Debug|Any CPU.ActiveCfg = Debug|iPhone
		{FBFD10FA-BD53-4E2F-8F7E-24368BE6F9CD}.Debug|Any CPU.Build.0 = Debug|iPhone
		{FBFD10FA-BD53-4E2F-8F7E-24368BE6F9CD}.Debug|Any CPU.Deploy.0 = Debug|iPhone
		{FBFD10FA-BD53-4E2F-8F7E-24368BE6F9CD}.Debug|iPhone.ActiveCfg = Debug|iPhone
		{FBFD10FA-BD53-4E2F-8F7E-24368BE6F9CD}.Debug|iPhone.Build.0 = Debug|iPhone
		{FBFD10FA-BD53-4E2F-8F7E-24368BE6F9CD}.Debug|iPhone.Deploy.0 = Debug|iPhone
		{FBFD10FA-BD53-4E2F-8F7E-24368BE6F9CD}.Debug|iPhoneSimulator.ActiveCfg = Debug|iPhoneSimulator
		{FBFD10FA-BD53-4E2F-8F7E-24368BE6F9CD}.Debug|iPhoneSimulator.Build.0 = Debug|iPhoneSimulator
		{FBFD10FA-BD53-4E2F-8F7E-24368BE6F9CD}.Debug|iPhoneSimulator.Deploy.0 = Debug|iPhoneSimulator
		{FBFD10FA-BD53-4E2F-8F7E-24368BE6F9CD}.Release|Any CPU.ActiveCfg = Release|iPhoneSimulator
		{FBFD10FA-BD53-4E2F-8F7E-24368BE6F9CD}.Release|Any CPU.Build.0 = Release|iPhoneSimulator
		{FBFD10FA-BD53-4E2F-8F7E-24368BE6F9CD}.Release|Any CPU.Deploy.0 = Release|iPhoneSimulator
		{FBFD10FA-BD53-4E2F-8F7E-24368BE6F9CD}.Release|iPhone.ActiveCfg = Release|iPhone
		{FBFD10FA-BD53-4E2F-8F7E-24368BE6F9CD}.Release|iPhone.Build.0 = Release|iPhone
		{FBFD10FA-BD53-4E2F-8F7E-24368BE6F9CD}.Release|iPhone.Deploy.0 = Release|iPhone
		{FBFD10FA-BD53-4E2F-8F7E-24368BE6F9CD}.Release|iPhoneSimulator.ActiveCfg = Release|iPhoneSimulator
		{FBFD10FA-BD53-4E2F-8F7E-24368BE6F9CD}.Release|iPhoneSimulator.Build.0 = Release|iPhoneSimulator
		{FBFD10FA-BD53-4E2F-8F7E-24368BE6F9CD}.Release|iPhoneSimulator.Deploy.0 = Release|iPhoneSimulator
		{C4C15A2C-44A4-4EAC-8C51-B457AA8DEDEC}.Debug|Any CPU.ActiveCfg = Debug|Any CPU
		{C4C15A2C-44A4-4EAC-8C51-B457AA8DEDEC}.Debug|Any CPU.Build.0 = Debug|Any CPU
		{C4C15A2C-44A4-4EAC-8C51-B457AA8DEDEC}.Debug|Any CPU.Deploy.0 = Debug|Any CPU
		{C4C15A2C-44A4-4EAC-8C51-B457AA8DEDEC}.Debug|iPhone.ActiveCfg = Debug|Any CPU
		{C4C15A2C-44A4-4EAC-8C51-B457AA8DEDEC}.Debug|iPhone.Build.0 = Debug|Any CPU
		{C4C15A2C-44A4-4EAC-8C51-B457AA8DEDEC}.Debug|iPhone.Deploy.0 = Debug|Any CPU
		{C4C15A2C-44A4-4EAC-8C51-B457AA8DEDEC}.Debug|iPhoneSimulator.ActiveCfg = Debug|Any CPU
		{C4C15A2C-44A4-4EAC-8C51-B457AA8DEDEC}.Debug|iPhoneSimulator.Build.0 = Debug|Any CPU
		{C4C15A2C-44A4-4EAC-8C51-B457AA8DEDEC}.Debug|iPhoneSimulator.Deploy.0 = Debug|Any CPU
		{C4C15A2C-44A4-4EAC-8C51-B457AA8DEDEC}.Release|Any CPU.ActiveCfg = Release|Any CPU
		{C4C15A2C-44A4-4EAC-8C51-B457AA8DEDEC}.Release|Any CPU.Build.0 = Release|Any CPU
		{C4C15A2C-44A4-4EAC-8C51-B457AA8DEDEC}.Release|Any CPU.Deploy.0 = Release|Any CPU
		{C4C15A2C-44A4-4EAC-8C51-B457AA8DEDEC}.Release|iPhone.ActiveCfg = Release|Any CPU
		{C4C15A2C-44A4-4EAC-8C51-B457AA8DEDEC}.Release|iPhone.Build.0 = Release|Any CPU
		{C4C15A2C-44A4-4EAC-8C51-B457AA8DEDEC}.Release|iPhone.Deploy.0 = Release|Any CPU
		{C4C15A2C-44A4-4EAC-8C51-B457AA8DEDEC}.Release|iPhoneSimulator.ActiveCfg = Release|Any CPU
		{C4C15A2C-44A4-4EAC-8C51-B457AA8DEDEC}.Release|iPhoneSimulator.Build.0 = Release|Any CPU
		{C4C15A2C-44A4-4EAC-8C51-B457AA8DEDEC}.Release|iPhoneSimulator.Deploy.0 = Release|Any CPU
	EndGlobalSection
	GlobalSection(SolutionProperties) = preSolution
		HideSolutionNode = FALSE
	EndGlobalSection
	GlobalSection(ExtensibilityGlobals) = postSolution
		SolutionGuid = {70A82A04-7161-4AA2-B9AA-A07A5E4A773A}
	EndGlobalSection
EndGlobal
